# This file was autogenerated by Stack.
# You should not edit this file by hand.
# For more information, please see the documentation at:
#   https://docs.haskellstack.org/en/stable/lock_files

packages:
- completed:
    name: PLHash
    version: 0.2.0.0
    git: https://github.com/syallop/PLHash
    pantry-tree:
      size: 306
      sha256: 5192278fb1c8a4dc1796ed39aa588dcc83968602201fca8fd6be36ab23864815
    commit: 8b2c8d586f55813851740dc64e24677db42eef77
  original:
    git: https://github.com/syallop/PLHash
    commit: 8b2c8d586f55813851740dc64e24677db42eef77
- completed:
    name: PLLabel
    version: 0.1.0.0
    git: https://github.com/syallop/PLLabel
    pantry-tree:
      size: 252
      sha256: 2599d0272d86ef4b50affcbd9fc4dd0c707c7b74d0befcc6e1af61ce35cb67a3
    commit: 9433cf7963e43b4df06f57939218956c3d2dacc4
  original:
    git: https://github.com/syallop/PLLabel
    commit: 9433cf7963e43b4df06f57939218956c3d2dacc4
- completed:
    name: Reversible
    version: 0.1.0.0
    git: https://github.com/syallop/Reversible
    pantry-tree:
      size: 361
      sha256: 38b1feb14760d70bba4ca0b9b1c091292ce240720dbc4a19c0a52c7d24ea766e
    commit: 5185a10559f0567ba927ea67a0b90f446d87dbe3
  original:
    git: https://github.com/syallop/Reversible
    commit: 5185a10559f0567ba927ea67a0b90f446d87dbe3
- completed:
    name: DSL-Compose
    version: 0.5.0.0
    git: https://github.com/syallop/DSL-Compose.git
    pantry-tree:
      size: 884
      sha256: 14fa38b8526550df16431834dcf4cce5f61ca37326c7e4d201ad6a73e32b2f43
    commit: 5a95ae855f3291aa3193a7424892035226b10d2f
  original:
    git: https://github.com/syallop/DSL-Compose.git
    commit: 5a95ae855f3291aa3193a7424892035226b10d2f
- completed:
    name: PLGrammar
    version: 0.4.0.0
    git: https://github.com/syallop/PLGrammar
    pantry-tree:
      size: 465
      sha256: e28d7d2f12da050c809460c22f52059c4ca6136388f7cb34cc47819610c35725
    commit: ece33dda877ed6b2199ebc6528fdc825302b3978
  original:
    git: https://github.com/syallop/PLGrammar
    commit: ece33dda877ed6b2199ebc6528fdc825302b3978
- completed:
    name: PLPrinter
    version: 0.3.0.0
    git: https://github.com/syallop/PLPrinter
    pantry-tree:
      size: 420
      sha256: 7d8466c68503d273d1e72dddaee0ff9b587d70cd11b8196415bbd3a5dcf5f93d
    commit: 29c1fc4fe5f33086bed4855e016aa56aa80264af
  original:
    git: https://github.com/syallop/PLPrinter
    commit: 29c1fc4fe5f33086bed4855e016aa56aa80264af
- completed:
    subdir: .
    name: DHT
    version: 0.4.0.0
    git: https://github.com/syallop/DHT
    pantry-tree:
      size: 3117
      sha256: f58014160a5c9b8e46ad3733862d295cc4446f931d72ce0c0f44628cd314db92
    commit: a376cf5a423f50212cfd856dcf733eb5177fc00c
  original:
    subdir: .
    git: https://github.com/syallop/DHT
    commit: a376cf5a423f50212cfd856dcf733eb5177fc00c
- completed:
    subdir: Examples/DHT-SimpleNode
    name: DHT-SimpleNode
    version: 0.4.0.0
    git: https://github.com/syallop/DHT
    pantry-tree:
      size: 1006
      sha256: 4bca35e9775d225fde1e10a0e46c52300039b2195b52703f0e34c4680afd803a
    commit: a376cf5a423f50212cfd856dcf733eb5177fc00c
  original:
    subdir: Examples/DHT-SimpleNode
    git: https://github.com/syallop/DHT
    commit: a376cf5a423f50212cfd856dcf733eb5177fc00c
- completed:
    hackage: pretty-tree-0.1.0.0@sha256:49b0e17008f9d30328db2bcc2958f3a7b78d154d2335c2dbaa2073e237b524ae,668
    pantry-tree:
      size: 214
      sha256: 810d2e5cafbecd6d0d0af42b2522d9e55be0241a03a688cdde2cca10490e1b0a
  original:
    hackage: pretty-tree-0.1.0.0@sha256:49b0e17008f9d30328db2bcc2958f3a7b78d154d2335c2dbaa2073e237b524ae
- completed:
    hackage: base58-bytestring-0.1.0@sha256:a1da72ee89d5450bac1c792d9fcbe95ed7154ab7246f2172b57bd4fd9b5eab79,1913
    pantry-tree:
      size: 419
      sha256: 053784f8edef6433518c873a7c502dc75348f812e2384e1306f90467ea54f40b
  original:
    hackage: base58-bytestring-0.1.0@sha256:a1da72ee89d5450bac1c792d9fcbe95ed7154ab7246f2172b57bd4fd9b5eab79,1913
- completed:
    hackage: hashing-0.1.0.1@sha256:98861f16791946cdf28e3c7a6ee9ac8b72d546d6e33c569c7087ef18253294e7,2816
    pantry-tree:
      size: 704
      sha256: a204259113ac5761ded1dac7e37a9d54245f84c8adaeec452346fe3256337d83
  original:
    hackage: hashing-0.1.0.1@sha256:98861f16791946cdf28e3c7a6ee9ac8b72d546d6e33c569c7087ef18253294e7,2816
- completed:
    hackage: filepath-bytestring-1.4.2.1.6@sha256:77e1c914b11da3c8b8df61e43a457339dd86dbc4c0ec86973ba178057bfe4fa2,2493
    pantry-tree:
      size: 821
      sha256: 9e209bea77e690aee4e317c8708f1ccb16dae39bcbbd3927d858d4b6238b5bc0
  original:
    hackage: filepath-bytestring-1.4.2.1.6@sha256:77e1c914b11da3c8b8df61e43a457339dd86dbc4c0ec86973ba178057bfe4fa2,2493
snapshots:
- completed:
    size: 565720
    url: https://raw.githubusercontent.com/commercialhaskell/stackage-snapshots/master/lts/17/8.yaml
    sha256: 76bf8992ff8dfe6eda9c02f81866138c2369344d5011ab39ae403457c4448b03
  original: lts-17.8
